<?xml version="1.0" encoding="utf-8"?>
<Project ToolsVersion="4.0" xmlns="http://schemas.microsoft.com/developer/msbuild/2003">
  <ItemGroup>
    <Filter Include="源文件">
      <UniqueIdentifier>{4FC737F1-C7A5-4376-A066-2A32D752A2FF}</UniqueIdentifier>
      <Extensions>cpp;c;cc;cxx;def;odl;idl;hpj;bat;asm;asmx</Extensions>
    </Filter>
    <Filter Include="头文件">
      <UniqueIdentifier>{93995380-89BD-4b04-88EB-625FBE52EBFB}</UniqueIdentifier>
      <Extensions>h;hh;hpp;hxx;hm;inl;inc;xsd</Extensions>
    </Filter>
    <Filter Include="头文件\config">
      <UniqueIdentifier>{ee741440-05fc-4e05-abf0-51ad7fec9810}</UniqueIdentifier>
    </Filter>
    <Filter Include="源文件\config">
      <UniqueIdentifier>{af9d90cc-21d1-4930-8612-8971ba7b4416}</UniqueIdentifier>
    </Filter>
    <Filter Include="头文件\common">
      <UniqueIdentifier>{1a34802e-45ae-4600-a70f-29295d4f7f77}</UniqueIdentifier>
    </Filter>
    <Filter Include="源文件\common">
      <UniqueIdentifier>{34d063c9-b820-4582-be36-0291e25fad04}</UniqueIdentifier>
    </Filter>
    <Filter Include="头文件\util">
      <UniqueIdentifier>{42589bde-1f02-4892-b5c0-7e94bf344c69}</UniqueIdentifier>
    </Filter>
    <Filter Include="源文件\util">
      <UniqueIdentifier>{fa0a3733-43cc-49a0-aaa5-38343121db32}</UniqueIdentifier>
    </Filter>
    <Filter Include="头文件\network">
      <UniqueIdentifier>{4055103d-f3bf-4657-84d8-17be1871733e}</UniqueIdentifier>
    </Filter>
    <Filter Include="源文件\network">
      <UniqueIdentifier>{faf82551-fab0-4732-8674-05f23af1b96e}</UniqueIdentifier>
    </Filter>
    <Filter Include="头文件\database">
      <UniqueIdentifier>{a0a1396d-d6e4-48cd-938d-9a0c14872ca1}</UniqueIdentifier>
    </Filter>
    <Filter Include="源文件\database">
      <UniqueIdentifier>{f9268bb8-821a-4e9f-bddc-4e38f5da079f}</UniqueIdentifier>
    </Filter>
  </ItemGroup>
  <ItemGroup>
    <ClInclude Include="include\public.h">
      <Filter>头文件</Filter>
    </ClInclude>
    <ClInclude Include="include\config\configFactory.h">
      <Filter>头文件\config</Filter>
    </ClInclude>
    <ClInclude Include="include\config\configData.h">
      <Filter>头文件\config</Filter>
    </ClInclude>
    <ClInclude Include="include\config\ConfigLoaderBase.h">
      <Filter>头文件\config</Filter>
    </ClInclude>
    <ClInclude Include="include\config\ConfigLoaders.h">
      <Filter>头文件\config</Filter>
    </ClInclude>
    <ClInclude Include="include\util\iniFileReader.h">
      <Filter>头文件\util</Filter>
    </ClInclude>
    <ClInclude Include="include\util\xstring.h">
      <Filter>头文件\util</Filter>
    </ClInclude>
    <ClInclude Include="include\network\server.h">
      <Filter>头文件\network</Filter>
    </ClInclude>
    <ClInclude Include="include\network\session.h">
      <Filter>头文件\network</Filter>
    </ClInclude>
    <ClInclude Include="include\network\request.h">
      <Filter>头文件\network</Filter>
    </ClInclude>
    <ClInclude Include="include\network\package.h">
      <Filter>头文件\network</Filter>
    </ClInclude>
    <ClInclude Include="include\network\handler.h">
      <Filter>头文件\network</Filter>
    </ClInclude>
    <ClInclude Include="include\network\response.h">
      <Filter>头文件\network</Filter>
    </ClInclude>
    <ClInclude Include="include\network\serial.h">
      <Filter>头文件\network</Filter>
    </ClInclude>
    <ClInclude Include="include\network\serverFactory.h">
      <Filter>头文件\network</Filter>
    </ClInclude>
    <ClInclude Include="include\network\tcpnonblockserver.h">
      <Filter>头文件\network</Filter>
    </ClInclude>
    <ClInclude Include="include\util\logger.h">
      <Filter>头文件\util</Filter>
    </ClInclude>
    <ClInclude Include="include\util\thread.h">
      <Filter>头文件\util</Filter>
    </ClInclude>
    <ClInclude Include="include\util\datetime.h">
      <Filter>头文件\util</Filter>
    </ClInclude>
    <ClInclude Include="include\network\client.h">
      <Filter>头文件\network</Filter>
    </ClInclude>
    <ClInclude Include="include\network\clientFactory.h">
      <Filter>头文件\network</Filter>
    </ClInclude>
    <ClInclude Include="include\network\tcpclient.h">
      <Filter>头文件\network</Filter>
    </ClInclude>
    <ClInclude Include="include\database\databasefactory.h">
      <Filter>头文件\database</Filter>
    </ClInclude>
    <ClInclude Include="include\database\Database.h">
      <Filter>头文件\database</Filter>
    </ClInclude>
    <ClInclude Include="include\database\mysqlhandler.h">
      <Filter>头文件\database</Filter>
    </ClInclude>
  </ItemGroup>
  <ItemGroup>
    <ClCompile Include="src\config\configData.cpp">
      <Filter>源文件\config</Filter>
    </ClCompile>
    <ClCompile Include="src\config\configFactory.cpp">
      <Filter>源文件\config</Filter>
    </ClCompile>
    <ClCompile Include="src\config\configLoaderBase.cpp">
      <Filter>源文件\config</Filter>
    </ClCompile>
    <ClCompile Include="src\config\configLoaders.cpp">
      <Filter>源文件\config</Filter>
    </ClCompile>
    <ClCompile Include="src\util\iniFileReader.cpp">
      <Filter>源文件\util</Filter>
    </ClCompile>
    <ClCompile Include="src\util\xstring.cpp">
      <Filter>源文件\util</Filter>
    </ClCompile>
    <ClCompile Include="src\network\server.cpp">
      <Filter>源文件\network</Filter>
    </ClCompile>
    <ClCompile Include="src\network\package.cpp">
      <Filter>源文件\network</Filter>
    </ClCompile>
    <ClCompile Include="src\network\session.cpp">
      <Filter>源文件\network</Filter>
    </ClCompile>
    <ClCompile Include="src\network\handler.cpp">
      <Filter>源文件\network</Filter>
    </ClCompile>
    <ClCompile Include="src\network\serverfactory.cpp">
      <Filter>源文件\network</Filter>
    </ClCompile>
    <ClCompile Include="src\network\tcpnonblockserver.cpp">
      <Filter>源文件\network</Filter>
    </ClCompile>
    <ClCompile Include="src\network\request.cpp">
      <Filter>源文件\network</Filter>
    </ClCompile>
    <ClCompile Include="src\util\thread.cpp">
      <Filter>源文件\util</Filter>
    </ClCompile>
    <ClCompile Include="src\util\logger.cpp">
      <Filter>源文件\util</Filter>
    </ClCompile>
    <ClCompile Include="src\util\datetime.cpp">
      <Filter>源文件\util</Filter>
    </ClCompile>
    <ClCompile Include="src\network\client.cpp">
      <Filter>源文件\network</Filter>
    </ClCompile>
    <ClCompile Include="src\network\clientFactory.cpp">
      <Filter>源文件\network</Filter>
    </ClCompile>
    <ClCompile Include="src\network\tcpclient.cpp">
      <Filter>源文件\network</Filter>
    </ClCompile>
    <ClCompile Include="src\database\databasefactory.cpp">
      <Filter>源文件\database</Filter>
    </ClCompile>
  </ItemGroup>
</Project>